// !$*UTF8*$!
{
	archiveVersion = 1;
	classes = {
	};
	objectVersion = 46;
	objects = {

/* Begin PBXBuildFile section */
		3D6CD6B41E11484C00608C81 /* MenuView.m in Sources */ = {isa = PBXBuildFile; fileRef = 3D6CD6B31E11484C00608C81 /* MenuView.m */; };
		3D6CD6C31E1240FF00608C81 /* GraphModel.m in Sources */ = {isa = PBXBuildFile; fileRef = 3D6CD6C21E1240FF00608C81 /* GraphModel.m */; };
		3D6CD6C61E12413100608C81 /* InteractiveBar.m in Sources */ = {isa = PBXBuildFile; fileRef = 3D6CD6C51E12413100608C81 /* InteractiveBar.m */; };
		3D6CD6C91E12417F00608C81 /* GraphPlotObj.m in Sources */ = {isa = PBXBuildFile; fileRef = 3D6CD6C81E12417F00608C81 /* GraphPlotObj.m */; };
		3D6CD6CD1E12721400608C81 /* VisualScrollView.m in Sources */ = {isa = PBXBuildFile; fileRef = 3D6CD6CC1E12721400608C81 /* VisualScrollView.m */; };
		3D6CD6D01E12788D00608C81 /* XAxisGraphLabel.m in Sources */ = {isa = PBXBuildFile; fileRef = 3D6CD6CF1E12788D00608C81 /* XAxisGraphLabel.m */; };
		3D6CD6D31E127FFB00608C81 /* BubbleView.m in Sources */ = {isa = PBXBuildFile; fileRef = 3D6CD6D21E127FFB00608C81 /* BubbleView.m */; };
		3D6CD6F51E12922E00608C81 /* HorizantalGraph.m in Sources */ = {isa = PBXBuildFile; fileRef = 3D6CD6F41E12922E00608C81 /* HorizantalGraph.m */; };
		3D6CD6F81E13830D00608C81 /* SymmetryBarGraph.m in Sources */ = {isa = PBXBuildFile; fileRef = 3D6CD6F71E13830D00608C81 /* SymmetryBarGraph.m */; };
		3D6CD6FC1E13969A00608C81 /* ScatterPlotGraph.m in Sources */ = {isa = PBXBuildFile; fileRef = 3D6CD6FB1E13969A00608C81 /* ScatterPlotGraph.m */; };
		3D6CD7001E139A1300608C81 /* MultiScatterGraph.m in Sources */ = {isa = PBXBuildFile; fileRef = 3D6CD6FF1E139A1300608C81 /* MultiScatterGraph.m */; };
		3D6CD7081E13D7A900608C81 /* InteractiveLineGraph.m in Sources */ = {isa = PBXBuildFile; fileRef = 3D6CD7071E13D7A900608C81 /* InteractiveLineGraph.m */; };
		3D6CD7101E13E78300608C81 /* Coordinates.m in Sources */ = {isa = PBXBuildFile; fileRef = 3D6CD70F1E13E78300608C81 /* Coordinates.m */; };
		3D6CD7131E150D2000608C81 /* AreaGraph.m in Sources */ = {isa = PBXBuildFile; fileRef = 3D6CD7121E150D2000608C81 /* AreaGraph.m */; };
		3D6CD7171E15460100608C81 /* DynamicGraphs.m in Sources */ = {isa = PBXBuildFile; fileRef = 3D6CD7161E15460100608C81 /* DynamicGraphs.m */; };
		3D8BD8E41E2DF88C006009EC /* InteractiveScatter.gif in Resources */ = {isa = PBXBuildFile; fileRef = 3D8BD8DF1E2DF88C006009EC /* InteractiveScatter.gif */; };
		3D8BD8E51E2DF88C006009EC /* InteracriveBarAndSymmetry.gif in Resources */ = {isa = PBXBuildFile; fileRef = 3D8BD8E01E2DF88C006009EC /* InteracriveBarAndSymmetry.gif */; };
		3D8BD8E61E2DF88C006009EC /* Dynamic.gif in Resources */ = {isa = PBXBuildFile; fileRef = 3D8BD8E11E2DF88C006009EC /* Dynamic.gif */; };
		3D8BD8E71E2DF88C006009EC /* NonInteractiveScatterAndArea.gif in Resources */ = {isa = PBXBuildFile; fileRef = 3D8BD8E21E2DF88C006009EC /* NonInteractiveScatterAndArea.gif */; };
		3D8BD8E81E2DF88C006009EC /* InteractiveLineAndBAr.gif in Resources */ = {isa = PBXBuildFile; fileRef = 3D8BD8E31E2DF88C006009EC /* InteractiveLineAndBAr.gif */; };
		3D91DD981E090EFF002F12BB /* main.m in Sources */ = {isa = PBXBuildFile; fileRef = 3D91DD971E090EFF002F12BB /* main.m */; };
		3D91DD9B1E090EFF002F12BB /* AppDelegate.m in Sources */ = {isa = PBXBuildFile; fileRef = 3D91DD9A1E090EFF002F12BB /* AppDelegate.m */; };
		3D91DD9E1E090EFF002F12BB /* ViewController.m in Sources */ = {isa = PBXBuildFile; fileRef = 3D91DD9D1E090EFF002F12BB /* ViewController.m */; };
		3D91DDA41E090EFF002F12BB /* MMGraphs.xcdatamodeld in Sources */ = {isa = PBXBuildFile; fileRef = 3D91DDA21E090EFF002F12BB /* MMGraphs.xcdatamodeld */; };
		3D91DDA61E090EFF002F12BB /* Assets.xcassets in Resources */ = {isa = PBXBuildFile; fileRef = 3D91DDA51E090EFF002F12BB /* Assets.xcassets */; };
		3D91DDB41E090EFF002F12BB /* MMGraphsTests.m in Sources */ = {isa = PBXBuildFile; fileRef = 3D91DDB31E090EFF002F12BB /* MMGraphsTests.m */; };
		3D91DDBF1E090EFF002F12BB /* MMGraphsUITests.m in Sources */ = {isa = PBXBuildFile; fileRef = 3D91DDBE1E090EFF002F12BB /* MMGraphsUITests.m */; };
/* End PBXBuildFile section */

/* Begin PBXContainerItemProxy section */
		3D91DDB01E090EFF002F12BB /* PBXContainerItemProxy */ = {
			isa = PBXContainerItemProxy;
			containerPortal = 3D91DD8B1E090EFF002F12BB /* Project object */;
			proxyType = 1;
			remoteGlobalIDString = 3D91DD921E090EFF002F12BB;
			remoteInfo = MMGraphs;
		};
		3D91DDBB1E090EFF002F12BB /* PBXContainerItemProxy */ = {
			isa = PBXContainerItemProxy;
			containerPortal = 3D91DD8B1E090EFF002F12BB /* Project object */;
			proxyType = 1;
			remoteGlobalIDString = 3D91DD921E090EFF002F12BB;
			remoteInfo = MMGraphs;
		};
/* End PBXContainerItemProxy section */

/* Begin PBXFileReference section */
		3D6CD6B01E11431400608C81 /* PrefixHeader.pch */ = {isa = PBXFileReference; fileEncoding = 4; lastKnownFileType = sourcecode.c.h; path = PrefixHeader.pch; sourceTree = "<group>"; };
		3D6CD6B11E11432F00608C81 /* AppCommon.h */ = {isa = PBXFileReference; fileEncoding = 4; lastKnownFileType = sourcecode.c.h; path = AppCommon.h; sourceTree = "<group>"; };
		3D6CD6B21E11484C00608C81 /* MenuView.h */ = {isa = PBXFileReference; fileEncoding = 4; lastKnownFileType = sourcecode.c.h; path = MenuView.h; sourceTree = "<group>"; };
		3D6CD6B31E11484C00608C81 /* MenuView.m */ = {isa = PBXFileReference; fileEncoding = 4; lastKnownFileType = sourcecode.c.objc; path = MenuView.m; sourceTree = "<group>"; };
		3D6CD6C11E1240FF00608C81 /* GraphModel.h */ = {isa = PBXFileReference; fileEncoding = 4; lastKnownFileType = sourcecode.c.h; path = GraphModel.h; sourceTree = "<group>"; };
		3D6CD6C21E1240FF00608C81 /* GraphModel.m */ = {isa = PBXFileReference; fileEncoding = 4; lastKnownFileType = sourcecode.c.objc; path = GraphModel.m; sourceTree = "<group>"; };
		3D6CD6C41E12413100608C81 /* InteractiveBar.h */ = {isa = PBXFileReference; fileEncoding = 4; lastKnownFileType = sourcecode.c.h; path = InteractiveBar.h; sourceTree = "<group>"; };
		3D6CD6C51E12413100608C81 /* InteractiveBar.m */ = {isa = PBXFileReference; fileEncoding = 4; lastKnownFileType = sourcecode.c.objc; path = InteractiveBar.m; sourceTree = "<group>"; };
		3D6CD6C71E12417F00608C81 /* GraphPlotObj.h */ = {isa = PBXFileReference; fileEncoding = 4; lastKnownFileType = sourcecode.c.h; path = GraphPlotObj.h; sourceTree = "<group>"; };
		3D6CD6C81E12417F00608C81 /* GraphPlotObj.m */ = {isa = PBXFileReference; fileEncoding = 4; lastKnownFileType = sourcecode.c.objc; path = GraphPlotObj.m; sourceTree = "<group>"; };
		3D6CD6CB1E12721400608C81 /* VisualScrollView.h */ = {isa = PBXFileReference; fileEncoding = 4; lastKnownFileType = sourcecode.c.h; path = VisualScrollView.h; sourceTree = "<group>"; };
		3D6CD6CC1E12721400608C81 /* VisualScrollView.m */ = {isa = PBXFileReference; fileEncoding = 4; lastKnownFileType = sourcecode.c.objc; path = VisualScrollView.m; sourceTree = "<group>"; };
		3D6CD6CE1E12788D00608C81 /* XAxisGraphLabel.h */ = {isa = PBXFileReference; fileEncoding = 4; lastKnownFileType = sourcecode.c.h; path = XAxisGraphLabel.h; sourceTree = "<group>"; };
		3D6CD6CF1E12788D00608C81 /* XAxisGraphLabel.m */ = {isa = PBXFileReference; fileEncoding = 4; lastKnownFileType = sourcecode.c.objc; path = XAxisGraphLabel.m; sourceTree = "<group>"; };
		3D6CD6D11E127FFB00608C81 /* BubbleView.h */ = {isa = PBXFileReference; fileEncoding = 4; lastKnownFileType = sourcecode.c.h; path = BubbleView.h; sourceTree = "<group>"; };
		3D6CD6D21E127FFB00608C81 /* BubbleView.m */ = {isa = PBXFileReference; fileEncoding = 4; lastKnownFileType = sourcecode.c.objc; path = BubbleView.m; sourceTree = "<group>"; };
		3D6CD6F31E12922E00608C81 /* HorizantalGraph.h */ = {isa = PBXFileReference; fileEncoding = 4; lastKnownFileType = sourcecode.c.h; path = HorizantalGraph.h; sourceTree = "<group>"; };
		3D6CD6F41E12922E00608C81 /* HorizantalGraph.m */ = {isa = PBXFileReference; fileEncoding = 4; lastKnownFileType = sourcecode.c.objc; path = HorizantalGraph.m; sourceTree = "<group>"; };
		3D6CD6F61E13830D00608C81 /* SymmetryBarGraph.h */ = {isa = PBXFileReference; fileEncoding = 4; lastKnownFileType = sourcecode.c.h; path = SymmetryBarGraph.h; sourceTree = "<group>"; };
		3D6CD6F71E13830D00608C81 /* SymmetryBarGraph.m */ = {isa = PBXFileReference; fileEncoding = 4; lastKnownFileType = sourcecode.c.objc; path = SymmetryBarGraph.m; sourceTree = "<group>"; };
		3D6CD6FA1E13969A00608C81 /* ScatterPlotGraph.h */ = {isa = PBXFileReference; fileEncoding = 4; lastKnownFileType = sourcecode.c.h; path = ScatterPlotGraph.h; sourceTree = "<group>"; };
		3D6CD6FB1E13969A00608C81 /* ScatterPlotGraph.m */ = {isa = PBXFileReference; fileEncoding = 4; lastKnownFileType = sourcecode.c.objc; path = ScatterPlotGraph.m; sourceTree = "<group>"; };
		3D6CD6FE1E139A1300608C81 /* MultiScatterGraph.h */ = {isa = PBXFileReference; fileEncoding = 4; lastKnownFileType = sourcecode.c.h; path = MultiScatterGraph.h; sourceTree = "<group>"; };
		3D6CD6FF1E139A1300608C81 /* MultiScatterGraph.m */ = {isa = PBXFileReference; fileEncoding = 4; lastKnownFileType = sourcecode.c.objc; path = MultiScatterGraph.m; sourceTree = "<group>"; };
		3D6CD7061E13D7A900608C81 /* InteractiveLineGraph.h */ = {isa = PBXFileReference; fileEncoding = 4; lastKnownFileType = sourcecode.c.h; path = InteractiveLineGraph.h; sourceTree = "<group>"; };
		3D6CD7071E13D7A900608C81 /* InteractiveLineGraph.m */ = {isa = PBXFileReference; fileEncoding = 4; lastKnownFileType = sourcecode.c.objc; path = InteractiveLineGraph.m; sourceTree = "<group>"; };
		3D6CD70E1E13E78300608C81 /* Coordinates.h */ = {isa = PBXFileReference; fileEncoding = 4; lastKnownFileType = sourcecode.c.h; path = Coordinates.h; sourceTree = "<group>"; };
		3D6CD70F1E13E78300608C81 /* Coordinates.m */ = {isa = PBXFileReference; fileEncoding = 4; lastKnownFileType = sourcecode.c.objc; path = Coordinates.m; sourceTree = "<group>"; };
		3D6CD7111E150D2000608C81 /* AreaGraph.h */ = {isa = PBXFileReference; fileEncoding = 4; lastKnownFileType = sourcecode.c.h; path = AreaGraph.h; sourceTree = "<group>"; };
		3D6CD7121E150D2000608C81 /* AreaGraph.m */ = {isa = PBXFileReference; fileEncoding = 4; lastKnownFileType = sourcecode.c.objc; path = AreaGraph.m; sourceTree = "<group>"; };
		3D6CD7151E15460100608C81 /* DynamicGraphs.h */ = {isa = PBXFileReference; fileEncoding = 4; lastKnownFileType = sourcecode.c.h; path = DynamicGraphs.h; sourceTree = "<group>"; };
		3D6CD7161E15460100608C81 /* DynamicGraphs.m */ = {isa = PBXFileReference; fileEncoding = 4; lastKnownFileType = sourcecode.c.objc; path = DynamicGraphs.m; sourceTree = "<group>"; };
		3D8BD8DF1E2DF88C006009EC /* InteractiveScatter.gif */ = {isa = PBXFileReference; lastKnownFileType = image.gif; path = InteractiveScatter.gif; sourceTree = "<group>"; };
		3D8BD8E01E2DF88C006009EC /* InteracriveBarAndSymmetry.gif */ = {isa = PBXFileReference; lastKnownFileType = image.gif; path = InteracriveBarAndSymmetry.gif; sourceTree = "<group>"; };
		3D8BD8E11E2DF88C006009EC /* Dynamic.gif */ = {isa = PBXFileReference; lastKnownFileType = image.gif; path = Dynamic.gif; sourceTree = "<group>"; };
		3D8BD8E21E2DF88C006009EC /* NonInteractiveScatterAndArea.gif */ = {isa = PBXFileReference; lastKnownFileType = image.gif; path = NonInteractiveScatterAndArea.gif; sourceTree = "<group>"; };
		3D8BD8E31E2DF88C006009EC /* InteractiveLineAndBAr.gif */ = {isa = PBXFileReference; lastKnownFileType = image.gif; path = InteractiveLineAndBAr.gif; sourceTree = "<group>"; };
		3D91DD931E090EFF002F12BB /* MMGraphs.app */ = {isa = PBXFileReference; explicitFileType = wrapper.application; includeInIndex = 0; path = MMGraphs.app; sourceTree = BUILT_PRODUCTS_DIR; };
		3D91DD971E090EFF002F12BB /* main.m */ = {isa = PBXFileReference; lastKnownFileType = sourcecode.c.objc; path = main.m; sourceTree = "<group>"; };
		3D91DD991E090EFF002F12BB /* AppDelegate.h */ = {isa = PBXFileReference; lastKnownFileType = sourcecode.c.h; path = AppDelegate.h; sourceTree = "<group>"; };
		3D91DD9A1E090EFF002F12BB /* AppDelegate.m */ = {isa = PBXFileReference; lastKnownFileType = sourcecode.c.objc; path = AppDelegate.m; sourceTree = "<group>"; };
		3D91DD9C1E090EFF002F12BB /* ViewController.h */ = {isa = PBXFileReference; lastKnownFileType = sourcecode.c.h; path = ViewController.h; sourceTree = "<group>"; };
		3D91DD9D1E090EFF002F12BB /* ViewController.m */ = {isa = PBXFileReference; lastKnownFileType = sourcecode.c.objc; path = ViewController.m; sourceTree = "<group>"; };
		3D91DDA31E090EFF002F12BB /* MMGraphs.xcdatamodel */ = {isa = PBXFileReference; lastKnownFileType = wrapper.xcdatamodel; path = MMGraphs.xcdatamodel; sourceTree = "<group>"; };
		3D91DDA51E090EFF002F12BB /* Assets.xcassets */ = {isa = PBXFileReference; lastKnownFileType = folder.assetcatalog; path = Assets.xcassets; sourceTree = "<group>"; };
		3D91DDAA1E090EFF002F12BB /* Info.plist */ = {isa = PBXFileReference; lastKnownFileType = text.plist.xml; path = Info.plist; sourceTree = "<group>"; };
		3D91DDAF1E090EFF002F12BB /* MMGraphsTests.xctest */ = {isa = PBXFileReference; explicitFileType = wrapper.cfbundle; includeInIndex = 0; path = MMGraphsTests.xctest; sourceTree = BUILT_PRODUCTS_DIR; };
		3D91DDB31E090EFF002F12BB /* MMGraphsTests.m */ = {isa = PBXFileReference; lastKnownFileType = sourcecode.c.objc; path = MMGraphsTests.m; sourceTree = "<group>"; };
		3D91DDB51E090EFF002F12BB /* Info.plist */ = {isa = PBXFileReference; lastKnownFileType = text.plist.xml; path = Info.plist; sourceTree = "<group>"; };
		3D91DDBA1E090EFF002F12BB /* MMGraphsUITests.xctest */ = {isa = PBXFileReference; explicitFileType = wrapper.cfbundle; includeInIndex = 0; path = MMGraphsUITests.xctest; sourceTree = BUILT_PRODUCTS_DIR; };
		3D91DDBE1E090EFF002F12BB /* MMGraphsUITests.m */ = {isa = PBXFileReference; lastKnownFileType = sourcecode.c.objc; path = MMGraphsUITests.m; sourceTree = "<group>"; };
		3D91DDC01E090EFF002F12BB /* Info.plist */ = {isa = PBXFileReference; lastKnownFileType = text.plist.xml; path = Info.plist; sourceTree = "<group>"; };
/* End PBXFileReference section */

/* Begin PBXFrameworksBuildPhase section */
		3D91DD901E090EFF002F12BB /* Frameworks */ = {
			isa = PBXFrameworksBuildPhase;
			buildActionMask = 2147483647;
			files = (
			);
			runOnlyForDeploymentPostprocessing = 0;
		};
		3D91DDAC1E090EFF002F12BB /* Frameworks */ = {
			isa = PBXFrameworksBuildPhase;
			buildActionMask = 2147483647;
			files = (
			);
			runOnlyForDeploymentPostprocessing = 0;
		};
		3D91DDB71E090EFF002F12BB /* Frameworks */ = {
			isa = PBXFrameworksBuildPhase;
			buildActionMask = 2147483647;
			files = (
			);
			runOnlyForDeploymentPostprocessing = 0;
		};
/* End PBXFrameworksBuildPhase section */

/* Begin PBXGroup section */
		3D6CD6AF1E1142F500608C81 /* Commons */ = {
			isa = PBXGroup;
			children = (
				3D6CD6B01E11431400608C81 /* PrefixHeader.pch */,
				3D6CD6B11E11432F00608C81 /* AppCommon.h */,
			);
			name = Commons;
			sourceTree = "<group>";
		};
		3D6CD6B61E1160FC00608C81 /* BarGraphs */ = {
			isa = PBXGroup;
			children = (
				3D6CD6BD1E11617500608C81 /* HorizantalBar */,
				3D6CD6BC1E11615F00608C81 /* SymmetryBar */,
				3D6CD6BB1E11614D00608C81 /* InteractiveBarGraph */,
			);
			name = BarGraphs;
			sourceTree = "<group>";
		};
		3D6CD6B71E11610800608C81 /* LineGraphs */ = {
			isa = PBXGroup;
			children = (
				3D6CD7011E13BE5C00608C81 /* InteractiveStaticLine */,
			);
			name = LineGraphs;
			sourceTree = "<group>";
		};
		3D6CD6B81E11611600608C81 /* ScatterGraphs */ = {
			isa = PBXGroup;
			children = (
				3D6CD6FD1E1399D500608C81 /* MultiScatter */,
				3D6CD6F91E13966B00608C81 /* SingleScatter */,
			);
			name = ScatterGraphs;
			sourceTree = "<group>";
		};
		3D6CD6B91E11612500608C81 /* AreaGraphs */ = {
			isa = PBXGroup;
			children = (
				3D6CD7111E150D2000608C81 /* AreaGraph.h */,
				3D6CD7121E150D2000608C81 /* AreaGraph.m */,
			);
			name = AreaGraphs;
			sourceTree = "<group>";
		};
		3D6CD6BA1E11613200608C81 /* Graphs */ = {
			isa = PBXGroup;
			children = (
				3D6CD6BF1E1240C000608C81 /* Graph Model */,
				3D6CD6BE1E1240AD00608C81 /* GraphViews */,
				3D6CD6C01E1240CA00608C81 /* Graph Controller */,
			);
			name = Graphs;
			sourceTree = "<group>";
		};
		3D6CD6BB1E11614D00608C81 /* InteractiveBarGraph */ = {
			isa = PBXGroup;
			children = (
				3D6CD6C41E12413100608C81 /* InteractiveBar.h */,
				3D6CD6C51E12413100608C81 /* InteractiveBar.m */,
			);
			name = InteractiveBarGraph;
			sourceTree = "<group>";
		};
		3D6CD6BC1E11615F00608C81 /* SymmetryBar */ = {
			isa = PBXGroup;
			children = (
				3D6CD6F61E13830D00608C81 /* SymmetryBarGraph.h */,
				3D6CD6F71E13830D00608C81 /* SymmetryBarGraph.m */,
			);
			name = SymmetryBar;
			sourceTree = "<group>";
		};
		3D6CD6BD1E11617500608C81 /* HorizantalBar */ = {
			isa = PBXGroup;
			children = (
				3D6CD6F31E12922E00608C81 /* HorizantalGraph.h */,
				3D6CD6F41E12922E00608C81 /* HorizantalGraph.m */,
			);
			name = HorizantalBar;
			sourceTree = "<group>";
		};
		3D6CD6BE1E1240AD00608C81 /* GraphViews */ = {
			isa = PBXGroup;
			children = (
				3D6CD6CA1E12710000608C81 /* Commons */,
				3D6CD6B91E11612500608C81 /* AreaGraphs */,
				3D6CD6B61E1160FC00608C81 /* BarGraphs */,
				3D6CD7141E1545DA00608C81 /* DynamicGraphs */,
				3D6CD6B71E11610800608C81 /* LineGraphs */,
				3D6CD6B81E11611600608C81 /* ScatterGraphs */,
			);
			name = GraphViews;
			sourceTree = "<group>";
		};
		3D6CD6BF1E1240C000608C81 /* Graph Model */ = {
			isa = PBXGroup;
			children = (
				3D8BD8D21E2C9750006009EC /* PlotObjects */,
				3D6CD6C11E1240FF00608C81 /* GraphModel.h */,
				3D6CD6C21E1240FF00608C81 /* GraphModel.m */,
			);
			name = "Graph Model";
			sourceTree = "<group>";
		};
		3D6CD6C01E1240CA00608C81 /* Graph Controller */ = {
			isa = PBXGroup;
			children = (
				3D91DD9C1E090EFF002F12BB /* ViewController.h */,
				3D91DD9D1E090EFF002F12BB /* ViewController.m */,
			);
			name = "Graph Controller";
			sourceTree = "<group>";
		};
		3D6CD6CA1E12710000608C81 /* Commons */ = {
			isa = PBXGroup;
			children = (
				3D6CD6CE1E12788D00608C81 /* XAxisGraphLabel.h */,
				3D6CD6CF1E12788D00608C81 /* XAxisGraphLabel.m */,
				3D6CD6CB1E12721400608C81 /* VisualScrollView.h */,
				3D6CD6CC1E12721400608C81 /* VisualScrollView.m */,
				3D6CD6D11E127FFB00608C81 /* BubbleView.h */,
				3D6CD6D21E127FFB00608C81 /* BubbleView.m */,
			);
			name = Commons;
			sourceTree = "<group>";
		};
		3D6CD6F91E13966B00608C81 /* SingleScatter */ = {
			isa = PBXGroup;
			children = (
				3D6CD6FA1E13969A00608C81 /* ScatterPlotGraph.h */,
				3D6CD6FB1E13969A00608C81 /* ScatterPlotGraph.m */,
			);
			name = SingleScatter;
			sourceTree = "<group>";
		};
		3D6CD6FD1E1399D500608C81 /* MultiScatter */ = {
			isa = PBXGroup;
			children = (
				3D6CD6FE1E139A1300608C81 /* MultiScatterGraph.h */,
				3D6CD6FF1E139A1300608C81 /* MultiScatterGraph.m */,
			);
			name = MultiScatter;
			sourceTree = "<group>";
		};
		3D6CD7011E13BE5C00608C81 /* InteractiveStaticLine */ = {
			isa = PBXGroup;
			children = (
				3D6CD7061E13D7A900608C81 /* InteractiveLineGraph.h */,
				3D6CD7071E13D7A900608C81 /* InteractiveLineGraph.m */,
			);
			name = InteractiveStaticLine;
			sourceTree = "<group>";
		};
		3D6CD7141E1545DA00608C81 /* DynamicGraphs */ = {
			isa = PBXGroup;
			children = (
				3D6CD7151E15460100608C81 /* DynamicGraphs.h */,
				3D6CD7161E15460100608C81 /* DynamicGraphs.m */,
			);
			name = DynamicGraphs;
			sourceTree = "<group>";
		};
		3D8BD8D21E2C9750006009EC /* PlotObjects */ = {
			isa = PBXGroup;
			children = (
				3D6CD6C71E12417F00608C81 /* GraphPlotObj.h */,
				3D6CD6C81E12417F00608C81 /* GraphPlotObj.m */,
				3D6CD70E1E13E78300608C81 /* Coordinates.h */,
				3D6CD70F1E13E78300608C81 /* Coordinates.m */,
			);
			name = PlotObjects;
			sourceTree = "<group>";
		};
		3D8BD8DE1E2DF875006009EC /* DemoGIf */ = {
			isa = PBXGroup;
			children = (
				3D8BD8DF1E2DF88C006009EC /* InteractiveScatter.gif */,
				3D8BD8E01E2DF88C006009EC /* InteracriveBarAndSymmetry.gif */,
				3D8BD8E11E2DF88C006009EC /* Dynamic.gif */,
				3D8BD8E21E2DF88C006009EC /* NonInteractiveScatterAndArea.gif */,
				3D8BD8E31E2DF88C006009EC /* InteractiveLineAndBAr.gif */,
			);
			name = DemoGIf;
			sourceTree = "<group>";
		};
		3D91DD8A1E090EFF002F12BB = {
			isa = PBXGroup;
			children = (
				3D91DD951E090EFF002F12BB /* MMGraphs */,
				3D91DDB21E090EFF002F12BB /* MMGraphsTests */,
				3D91DDBD1E090EFF002F12BB /* MMGraphsUITests */,
				3D91DD941E090EFF002F12BB /* Products */,
			);
			sourceTree = "<group>";
		};
		3D91DD941E090EFF002F12BB /* Products */ = {
			isa = PBXGroup;
			children = (
				3D91DD931E090EFF002F12BB /* MMGraphs.app */,
				3D91DDAF1E090EFF002F12BB /* MMGraphsTests.xctest */,
				3D91DDBA1E090EFF002F12BB /* MMGraphsUITests.xctest */,
			);
			name = Products;
			sourceTree = "<group>";
		};
		3D91DD951E090EFF002F12BB /* MMGraphs */ = {
			isa = PBXGroup;
			children = (
				3D6CD6BA1E11613200608C81 /* Graphs */,
				3D6CD6AF1E1142F500608C81 /* Commons */,
				3D91DDD01E093C54002F12BB /* Menu */,
				3D91DD991E090EFF002F12BB /* AppDelegate.h */,
				3D91DD9A1E090EFF002F12BB /* AppDelegate.m */,
				3D91DD961E090EFF002F12BB /* Supporting Files */,
			);
			path = MMGraphs;
			sourceTree = "<group>";
		};
		3D91DD961E090EFF002F12BB /* Supporting Files */ = {
			isa = PBXGroup;
			children = (
				3D8BD8DE1E2DF875006009EC /* DemoGIf */,
				3D91DDA51E090EFF002F12BB /* Assets.xcassets */,
				3D91DDAA1E090EFF002F12BB /* Info.plist */,
				3D91DDA21E090EFF002F12BB /* MMGraphs.xcdatamodeld */,
				3D91DD971E090EFF002F12BB /* main.m */,
			);
			name = "Supporting Files";
			sourceTree = "<group>";
		};
		3D91DDB21E090EFF002F12BB /* MMGraphsTests */ = {
			isa = PBXGroup;
			children = (
				3D91DDB31E090EFF002F12BB /* MMGraphsTests.m */,
				3D91DDB51E090EFF002F12BB /* Info.plist */,
			);
			path = MMGraphsTests;
			sourceTree = "<group>";
		};
		3D91DDBD1E090EFF002F12BB /* MMGraphsUITests */ = {
			isa = PBXGroup;
			children = (
				3D91DDBE1E090EFF002F12BB /* MMGraphsUITests.m */,
				3D91DDC01E090EFF002F12BB /* Info.plist */,
			);
			path = MMGraphsUITests;
			sourceTree = "<group>";
		};
		3D91DDD01E093C54002F12BB /* Menu */ = {
			isa = PBXGroup;
			children = (
				3D6CD6B21E11484C00608C81 /* MenuView.h */,
				3D6CD6B31E11484C00608C81 /* MenuView.m */,
			);
			name = Menu;
			sourceTree = "<group>";
		};
/* End PBXGroup section */

/* Begin PBXNativeTarget section */
		3D91DD921E090EFF002F12BB /* MMGraphs */ = {
			isa = PBXNativeTarget;
			buildConfigurationList = 3D91DDC31E090EFF002F12BB /* Build configuration list for PBXNativeTarget "MMGraphs" */;
			buildPhases = (
				3D91DD8F1E090EFF002F12BB /* Sources */,
				3D91DD901E090EFF002F12BB /* Frameworks */,
				3D91DD911E090EFF002F12BB /* Resources */,
			);
			buildRules = (
			);
			dependencies = (
			);
			name = MMGraphs;
			productName = MMGraphs;
			productReference = 3D91DD931E090EFF002F12BB /* MMGraphs.app */;
			productType = "com.apple.product-type.application";
		};
		3D91DDAE1E090EFF002F12BB /* MMGraphsTests */ = {
			isa = PBXNativeTarget;
			buildConfigurationList = 3D91DDC61E090EFF002F12BB /* Build configuration list for PBXNativeTarget "MMGraphsTests" */;
			buildPhases = (
				3D91DDAB1E090EFF002F12BB /* Sources */,
				3D91DDAC1E090EFF002F12BB /* Frameworks */,
				3D91DDAD1E090EFF002F12BB /* Resources */,
			);
			buildRules = (
			);
			dependencies = (
				3D91DDB11E090EFF002F12BB /* PBXTargetDependency */,
			);
			name = MMGraphsTests;
			productName = MMGraphsTests;
			productReference = 3D91DDAF1E090EFF002F12BB /* MMGraphsTests.xctest */;
			productType = "com.apple.product-type.bundle.unit-test";
		};
		3D91DDB91E090EFF002F12BB /* MMGraphsUITests */ = {
			isa = PBXNativeTarget;
			buildConfigurationList = 3D91DDC91E090EFF002F12BB /* Build configuration list for PBXNativeTarget "MMGraphsUITests" */;
			buildPhases = (
				3D91DDB61E090EFF002F12BB /* Sources */,
				3D91DDB71E090EFF002F12BB /* Frameworks */,
				3D91DDB81E090EFF002F12BB /* Resources */,
			);
			buildRules = (
			);
			dependencies = (
				3D91DDBC1E090EFF002F12BB /* PBXTargetDependency */,
			);
			name = MMGraphsUITests;
			productName = MMGraphsUITests;
			productReference = 3D91DDBA1E090EFF002F12BB /* MMGraphsUITests.xctest */;
			productType = "com.apple.product-type.bundle.ui-testing";
		};
/* End PBXNativeTarget section */

/* Begin PBXProject section */
		3D91DD8B1E090EFF002F12BB /* Project object */ = {
			isa = PBXProject;
			attributes = {
				LastUpgradeCheck = 0820;
				ORGANIZATIONNAME = Mahesh.me;
				TargetAttributes = {
					3D91DD921E090EFF002F12BB = {
						CreatedOnToolsVersion = 8.0;
						DevelopmentTeam = S7663BSBBY;
						LastSwiftMigration = 0820;
						ProvisioningStyle = Automatic;
					};
					3D91DDAE1E090EFF002F12BB = {
						CreatedOnToolsVersion = 8.0;
						DevelopmentTeam = S7663BSBBY;
						ProvisioningStyle = Automatic;
						TestTargetID = 3D91DD921E090EFF002F12BB;
					};
					3D91DDB91E090EFF002F12BB = {
						CreatedOnToolsVersion = 8.0;
						DevelopmentTeam = S7663BSBBY;
						ProvisioningStyle = Automatic;
						TestTargetID = 3D91DD921E090EFF002F12BB;
					};
				};
			};
			buildConfigurationList = 3D91DD8E1E090EFF002F12BB /* Build configuration list for PBXProject "MMGraphs" */;
			compatibilityVersion = "Xcode 3.2";
			developmentRegion = English;
			hasScannedForEncodings = 0;
			knownRegions = (
				en,
				Base,
			);
			mainGroup = 3D91DD8A1E090EFF002F12BB;
			productRefGroup = 3D91DD941E090EFF002F12BB /* Products */;
			projectDirPath = "";
			projectRoot = "";
			targets = (
				3D91DD921E090EFF002F12BB /* MMGraphs */,
				3D91DDAE1E090EFF002F12BB /* MMGraphsTests */,
				3D91DDB91E090EFF002F12BB /* MMGraphsUITests */,
			);
		};
/* End PBXProject section */

/* Begin PBXResourcesBuildPhase section */
		3D91DD911E090EFF002F12BB /* Resources */ = {
			isa = PBXResourcesBuildPhase;
			buildActionMask = 2147483647;
			files = (
				3D8BD8E71E2DF88C006009EC /* NonInteractiveScatterAndArea.gif in Resources */,
				3D8BD8E81E2DF88C006009EC /* InteractiveLineAndBAr.gif in Resources */,
				3D8BD8E61E2DF88C006009EC /* Dynamic.gif in Resources */,
				3D8BD8E51E2DF88C006009EC /* InteracriveBarAndSymmetry.gif in Resources */,
				3D8BD8E41E2DF88C006009EC /* InteractiveScatter.gif in Resources */,
				3D91DDA61E090EFF002F12BB /* Assets.xcassets in Resources */,
			);
			runOnlyForDeploymentPostprocessing = 0;
		};
		3D91DDAD1E090EFF002F12BB /* Resources */ = {
			isa = PBXResourcesBuildPhase;
			buildActionMask = 2147483647;
			files = (
			);
			runOnlyForDeploymentPostprocessing = 0;
		};
		3D91DDB81E090EFF002F12BB /* Resources */ = {
			isa = PBXResourcesBuildPhase;
			buildActionMask = 2147483647;
			files = (
			);
			runOnlyForDeploymentPostprocessing = 0;
		};
/* End PBXResourcesBuildPhase section */

/* Begin PBXSourcesBuildPhase section */
		3D91DD8F1E090EFF002F12BB /* Sources */ = {
			isa = PBXSourcesBuildPhase;
			buildActionMask = 2147483647;
			files = (
				3D91DDA41E090EFF002F12BB /* MMGraphs.xcdatamodeld in Sources */,
				3D6CD6CD1E12721400608C81 /* VisualScrollView.m in Sources */,
				3D91DD9E1E090EFF002F12BB /* ViewController.m in Sources */,
				3D6CD6D01E12788D00608C81 /* XAxisGraphLabel.m in Sources */,
				3D6CD7001E139A1300608C81 /* MultiScatterGraph.m in Sources */,
				3D6CD6C31E1240FF00608C81 /* GraphModel.m in Sources */,
				3D91DD9B1E090EFF002F12BB /* AppDelegate.m in Sources */,
				3D6CD6D31E127FFB00608C81 /* BubbleView.m in Sources */,
				3D6CD7171E15460100608C81 /* DynamicGraphs.m in Sources */,
				3D91DD981E090EFF002F12BB /* main.m in Sources */,
				3D6CD7131E150D2000608C81 /* AreaGraph.m in Sources */,
				3D6CD6F81E13830D00608C81 /* SymmetryBarGraph.m in Sources */,
				3D6CD6C91E12417F00608C81 /* GraphPlotObj.m in Sources */,
				3D6CD6B41E11484C00608C81 /* MenuView.m in Sources */,
				3D6CD7081E13D7A900608C81 /* InteractiveLineGraph.m in Sources */,
				3D6CD7101E13E78300608C81 /* Coordinates.m in Sources */,
				3D6CD6F51E12922E00608C81 /* HorizantalGraph.m in Sources */,
				3D6CD6FC1E13969A00608C81 /* ScatterPlotGraph.m in Sources */,
				3D6CD6C61E12413100608C81 /* InteractiveBar.m in Sources */,
			);
			runOnlyForDeploymentPostprocessing = 0;
		};
		3D91DDAB1E090EFF002F12BB /* Sources */ = {
			isa = PBXSourcesBuildPhase;
			buildActionMask = 2147483647;
			files = (
				3D91DDB41E090EFF002F12BB /* MMGraphsTests.m in Sources */,
			);
			runOnlyForDeploymentPostprocessing = 0;
		};
		3D91DDB61E090EFF002F12BB /* Sources */ = {
			isa = PBXSourcesBuildPhase;
			buildActionMask = 2147483647;
			files = (
				3D91DDBF1E090EFF002F12BB /* MMGraphsUITests.m in Sources */,
			);
			runOnlyForDeploymentPostprocessing = 0;
		};
/* End PBXSourcesBuildPhase section */

/* Begin PBXTargetDependency section */
		3D91DDB11E090EFF002F12BB /* PBXTargetDependency */ = {
			isa = PBXTargetDependency;
			target = 3D91DD921E090EFF002F12BB /* MMGraphs */;
			targetProxy = 3D91DDB01E090EFF002F12BB /* PBXContainerItemProxy */;
		};
		3D91DDBC1E090EFF002F12BB /* PBXTargetDependency */ = {
			isa = PBXTargetDependency;
			target = 3D91DD921E090EFF002F12BB /* MMGraphs */;
			targetProxy = 3D91DDBB1E090EFF002F12BB /* PBXContainerItemProxy */;
		};
/* End PBXTargetDependency section */

/* Begin XCBuildConfiguration section */
		3D91DDC11E090EFF002F12BB /* Debug */ = {
			isa = XCBuildConfiguration;
			buildSettings = {
				ALWAYS_SEARCH_USER_PATHS = NO;
				CLANG_ANALYZER_NONNULL = YES;
				CLANG_CXX_LANGUAGE_STANDARD = "gnu++0x";
				CLANG_CXX_LIBRARY = "libc++";
				CLANG_ENABLE_MODULES = YES;
				CLANG_ENABLE_OBJC_ARC = YES;
				CLANG_WARN_BOOL_CONVERSION = YES;
				CLANG_WARN_CONSTANT_CONVERSION = YES;
				CLANG_WARN_DIRECT_OBJC_ISA_USAGE = YES_ERROR;
				CLANG_WARN_DOCUMENTATION_COMMENTS = YES;
				CLANG_WARN_EMPTY_BODY = YES;
				CLANG_WARN_ENUM_CONVERSION = YES;
				CLANG_WARN_INFINITE_RECURSION = YES;
				CLANG_WARN_INT_CONVERSION = YES;
				CLANG_WARN_OBJC_ROOT_CLASS = YES_ERROR;
				CLANG_WARN_SUSPICIOUS_MOVE = YES;
				CLANG_WARN_SUSPICIOUS_MOVES = YES;
				CLANG_WARN_UNREACHABLE_CODE = YES;
				CLANG_WARN__DUPLICATE_METHOD_MATCH = YES;
				"CODE_SIGN_IDENTITY[sdk=iphoneos*]" = "iPhone Developer";
				COPY_PHASE_STRIP = NO;
				DEBUG_INFORMATION_FORMAT = dwarf;
				ENABLE_STRICT_OBJC_MSGSEND = YES;
				ENABLE_TESTABILITY = YES;
				GCC_C_LANGUAGE_STANDARD = gnu99;
				GCC_DYNAMIC_NO_PIC = NO;
				GCC_NO_COMMON_BLOCKS = YES;
				GCC_OPTIMIZATION_LEVEL = 0;
				GCC_PREPROCESSOR_DEFINITIONS = (
					"DEBUG=1",
					"$(inherited)",
				);
				GCC_WARN_64_TO_32_BIT_CONVERSION = YES;
				GCC_WARN_ABOUT_RETURN_TYPE = YES_ERROR;
				GCC_WARN_UNDECLARED_SELECTOR = YES;
				GCC_WARN_UNINITIALIZED_AUTOS = YES_AGGRESSIVE;
				GCC_WARN_UNUSED_FUNCTION = YES;
				GCC_WARN_UNUSED_VARIABLE = YES;
				IPHONEOS_DEPLOYMENT_TARGET = 10.0;
				MTL_ENABLE_DEBUG_INFO = YES;
				ONLY_ACTIVE_ARCH = YES;
				SDKROOT = iphoneos;
				TARGETED_DEVICE_FAMILY = "1,2";
			};
			name = Debug;
		};
		3D91DDC21E090EFF002F12BB /* Release */ = {
			isa = XCBuildConfiguration;
			buildSettings = {
				ALWAYS_SEARCH_USER_PATHS = NO;
				CLANG_ANALYZER_NONNULL = YES;
				CLANG_CXX_LANGUAGE_STANDARD = "gnu++0x";
				CLANG_CXX_LIBRARY = "libc++";
				CLANG_ENABLE_MODULES = YES;
				CLANG_ENABLE_OBJC_ARC = YES;
				CLANG_WARN_BOOL_CONVERSION = YES;
				CLANG_WARN_CONSTANT_CONVERSION = YES;
				CLANG_WARN_DIRECT_OBJC_ISA_USAGE = YES_ERROR;
				CLANG_WARN_DOCUMENTATION_COMMENTS = YES;
				CLANG_WARN_EMPTY_BODY = YES;
				CLANG_WARN_ENUM_CONVERSION = YES;
				CLANG_WARN_INFINITE_RECURSION = YES;
				CLANG_WARN_INT_CONVERSION = YES;
				CLANG_WARN_OBJC_ROOT_CLASS = YES_ERROR;
				CLANG_WARN_SUSPICIOUS_MOVE = YES;
				CLANG_WARN_SUSPICIOUS_MOVES = YES;
				CLANG_WARN_UNREACHABLE_CODE = YES;
				CLANG_WARN__DUPLICATE_METHOD_MATCH = YES;
				"CODE_SIGN_IDENTITY[sdk=iphoneos*]" = "iPhone Developer";
				COPY_PHASE_STRIP = NO;
				DEBUG_INFORMATION_FORMAT = "dwarf-with-dsym";
				ENABLE_NS_ASSERTIONS = NO;
				ENABLE_STRICT_OBJC_MSGSEND = YES;
				GCC_C_LANGUAGE_STANDARD = gnu99;
				GCC_NO_COMMON_BLOCKS = YES;
				GCC_WARN_64_TO_32_BIT_CONVERSION = YES;
				GCC_WARN_ABOUT_RETURN_TYPE = YES_ERROR;
				GCC_WARN_UNDECLARED_SELECTOR = YES;
				GCC_WARN_UNINITIALIZED_AUTOS = YES_AGGRESSIVE;
				GCC_WARN_UNUSED_FUNCTION = YES;
				GCC_WARN_UNUSED_VARIABLE = YES;
				IPHONEOS_DEPLOYMENT_TARGET = 10.0;
				MTL_ENABLE_DEBUG_INFO = NO;
				SDKROOT = iphoneos;
				TARGETED_DEVICE_FAMILY = "1,2";
				VALIDATE_PRODUCT = YES;
			};
			name = Release;
		};
		3D91DDC41E090EFF002F12BB /* Debug */ = {
			isa = XCBuildConfiguration;
			buildSettings = {
				ASSETCATALOG_COMPILER_APPICON_NAME = AppIcon;
				CLANG_ENABLE_MODULES = YES;
				CODE_SIGN_IDENTITY = "";
				"CODE_SIGN_IDENTITY[sdk=iphoneos*]" = "iPhone Developer";
				DEVELOPMENT_TEAM = S7663BSBBY;
				GCC_PREFIX_HEADER = MMGraphs/PrefixHeader.pch;
				INFOPLIST_FILE = MMGraphs/Info.plist;
				IPHONEOS_DEPLOYMENT_TARGET = 9.0;
				LD_RUNPATH_SEARCH_PATHS = "$(inherited) @executable_path/Frameworks";
				PRODUCT_BUNDLE_IDENTIFIER = me.mahesh.MMGraphs;
				PRODUCT_NAME = "$(TARGET_NAME)";
				SWIFT_OBJC_BRIDGING_HEADER = "MMGraphs/MMGraphs-Bridging-Header.h";
				SWIFT_OPTIMIZATION_LEVEL = "-Onone";
				SWIFT_VERSION = 3.0;
			};
			name = Debug;
		};
		3D91DDC51E090EFF002F12BB /* Release */ = {
			isa = XCBuildConfiguration;
			buildSettings = {
				ASSETCATALOG_COMPILER_APPICON_NAME = AppIcon;
				CLANG_ENABLE_MODULES = YES;
				CODE_SIGN_IDENTITY = "";
				"CODE_SIGN_IDENTITY[sdk=iphoneos*]" = "iPhone Developer";
				DEVELOPMENT_TEAM = S7663BSBBY;
				GCC_PREFIX_HEADER = MMGraphs/PrefixHeader.pch;
				INFOPLIST_FILE = MMGraphs/Info.plist;
				IPHONEOS_DEPLOYMENT_TARGET = 9.0;
				LD_RUNPATH_SEARCH_PATHS = "$(inherited) @executable_path/Frameworks";
				PRODUCT_BUNDLE_IDENTIFIER = me.mahesh.MMGraphs;
				PRODUCT_NAME = "$(TARGET_NAME)";
				SWIFT_OBJC_BRIDGING_HEADER = "MMGraphs/MMGraphs-Bridging-Header.h";
				SWIFT_VERSION = 3.0;
			};
			name = Release;
		};
		3D91DDC71E090EFF002F12BB /* Debug */ = {
			isa = XCBuildConfiguration;
			buildSettings = {
				BUNDLE_LOADER = "$(TEST_HOST)";
				DEVELOPMENT_TEAM = S7663BSBBY;
				INFOPLIST_FILE = MMGraphsTests/Info.plist;
				LD_RUNPATH_SEARCH_PATHS = "$(inherited) @executable_path/Frameworks @loader_path/Frameworks";
				PRODUCT_BUNDLE_IDENTIFIER = me.mahesh.MMGraphsTests;
				PRODUCT_NAME = "$(TARGET_NAME)";
				TEST_HOST = "$(BUILT_PRODUCTS_DIR)/MMGraphs.app/MMGraphs";
			};
			name = Debug;
		};
		3D91DDC81E090EFF002F12BB /* Release */ = {
			isa = XCBuildConfiguration;
			buildSettings = {
				BUNDLE_LOADER = "$(TEST_HOST)";
				DEVELOPMENT_TEAM = S7663BSBBY;
				INFOPLIST_FILE = MMGraphsTests/Info.plist;
				LD_RUNPATH_SEARCH_PATHS = "$(inherited) @executable_path/Frameworks @loader_path/Frameworks";
				PRODUCT_BUNDLE_IDENTIFIER = me.mahesh.MMGraphsTests;
				PRODUCT_NAME = "$(TARGET_NAME)";
				TEST_HOST = "$(BUILT_PRODUCTS_DIR)/MMGraphs.app/MMGraphs";
			};
			name = Release;
		};
		3D91DDCA1E090EFF002F12BB /* Debug */ = {
			isa = XCBuildConfiguration;
			buildSettings = {
				DEVELOPMENT_TEAM = S7663BSBBY;
				INFOPLIST_FILE = MMGraphsUITests/Info.plist;
				LD_RUNPATH_SEARCH_PATHS = "$(inherited) @executable_path/Frameworks @loader_path/Frameworks";
				PRODUCT_BUNDLE_IDENTIFIER = me.mahesh.MMGraphsUITests;
				PRODUCT_NAME = "$(TARGET_NAME)";
				TEST_TARGET_NAME = MMGraphs;
			};
			name = Debug;
		};
		3D91DDCB1E090EFF002F12BB /* Release */ = {
			isa = XCBuildConfiguration;
			buildSettings = {
				DEVELOPMENT_TEAM = S7663BSBBY;
				INFOPLIST_FILE = MMGraphsUITests/Info.plist;
				LD_RUNPATH_SEARCH_PATHS = "$(inherited) @executable_path/Frameworks @loader_path/Frameworks";
				PRODUCT_BUNDLE_IDENTIFIER = me.mahesh.MMGraphsUITests;
				PRODUCT_NAME = "$(TARGET_NAME)";
				TEST_TARGET_NAME = MMGraphs;
			};
			name = Release;
		};
/* End XCBuildConfiguration section */

/* Begin XCConfigurationList section */
		3D91DD8E1E090EFF002F12BB /* Build configuration list for PBXProject "MMGraphs" */ = {
			isa = XCConfigurationList;
			buildConfigurations = (
				3D91DDC11E090EFF002F12BB /* Debug */,
				3D91DDC21E090EFF002F12BB /* Release */,
			);
			defaultConfigurationIsVisible = 0;
			defaultConfigurationName = Release;
		};
		3D91DDC31E090EFF002F12BB /* Build configuration list for PBXNativeTarget "MMGraphs" */ = {
			isa = XCConfigurationList;
			buildConfigurations = (
				3D91DDC41E090EFF002F12BB /* Debug */,
				3D91DDC51E090EFF002F12BB /* Release */,
			);
			defaultConfigurationIsVisible = 0;
			defaultConfigurationName = Release;
		};
		3D91DDC61E090EFF002F12BB /* Build configuration list for PBXNativeTarget "MMGraphsTests" */ = {
			isa = XCConfigurationList;
			buildConfigurations = (
				3D91DDC71E090EFF002F12BB /* Debug */,
				3D91DDC81E090EFF002F12BB /* Release */,
			);
			defaultConfigurationIsVisible = 0;
			defaultConfigurationName = Release;
		};
		3D91DDC91E090EFF002F12BB /* Build configuration list for PBXNativeTarget "MMGraphsUITests" */ = {
			isa = XCConfigurationList;
			buildConfigurations = (
				3D91DDCA1E090EFF002F12BB /* Debug */,
				3D91DDCB1E090EFF002F12BB /* Release */,
			);
			defaultConfigurationIsVisible = 0;
			defaultConfigurationName = Release;
		};
/* End XCConfigurationList section */

/* Begin XCVersionGroup section */
		3D91DDA21E090EFF002F12BB /* MMGraphs.xcdatamodeld */ = {
			isa = XCVersionGroup;
			children = (
				3D91DDA31E090EFF002F12BB /* MMGraphs.xcdatamodel */,
			);
			currentVersion = 3D91DDA31E090EFF002F12BB /* MMGraphs.xcdatamodel */;
			path = MMGraphs.xcdatamodeld;
			sourceTree = "<group>";
			versionGroupType = wrapper.xcdatamodel;
		};
/* End XCVersionGroup section */
	};
	rootObject = 3D91DD8B1E090EFF002F12BB /* Project object */;
}
